
Microsoft Visual Studio Solution File, Format Version 12.00
# Visual Studio Version 17
VisualStudioVersion = 17.4.33213.308
MinimumVisualStudioVersion = 10.0.40219.1
Project("{FAE04EC0-301F-11D3-BF4B-00C04F79EFBC}") = "NZWalks.API", "NZWalks.API\NZWalks.API.csproj", "{94143AD5-33C6-4245-BF33-88B9653E6318}"
EndProject
Global
	GlobalSection(SolutionConfigurationPlatforms) = preSolution
		Debug|Any CPU = Debug|Any CPU
		Release|Any CPU = Release|Any CPU
	EndGlobalSection
	GlobalSection(ProjectConfigurationPlatforms) = postSolution
		{94143AD5-33C6-4245-BF33-88B9653E6318}.Debug|Any CPU.ActiveCfg = Debug|Any CPU
		{94143AD5-33C6-4245-BF33-88B9653E6318}.Debug|Any CPU.Build.0 = Debug|Any CPU
		{94143AD5-33C6-4245-BF33-88B9653E6318}.Release|Any CPU.ActiveCfg = Release|Any CPU
		{94143AD5-33C6-4245-BF33-88B9653E6318}.Release|Any CPU.Build.0 = Release|Any CPU
	EndGlobalSection
	GlobalSection(SolutionProperties) = preSolution
		HideSolutionNode = FALSE
	EndGlobalSection
	GlobalSection(ExtensibilityGlobals) = postSolution
		SolutionGuid = {5EE999AE-59EA-4645-AEF4-0A7C51BB328C}
	EndGlobalSection
EndGlobal
